// !$*UTF8*$!
{
	archiveVersion = 1;
	classes = {
	};
	objectVersion = 63;
	objects = {

/* Begin PBXBuildFile section */
		021A5300271EAE6120AE47CE /* TriggerConfig.swift in Sources */ = {isa = PBXBuildFile; fileRef = 4B5F50F6D7A299F976B8DB0A /* TriggerConfig.swift */; };
		03D34338216594B23DEFCB63 /* HomeView.swift in Sources */ = {isa = PBXBuildFile; fileRef = B383FD58C11DE16DE7683D21 /* HomeView.swift */; };
		0615C9B2DCE7D0F0DEF9BD84 /* RuleBuilderView.swift in Sources */ = {isa = PBXBuildFile; fileRef = F0EC0533BD6978E83605508C /* RuleBuilderView.swift */; };
		26D8BA388E44BB309084D1A3 /* SettingsView.swift in Sources */ = {isa = PBXBuildFile; fileRef = 8296D94E3D61C4B3F7458F10 /* SettingsView.swift */; };
		27F8CADC96D5097D8EB5C012 /* LocationService.swift in Sources */ = {isa = PBXBuildFile; fileRef = 87B5721BEF7CAE785A98E381 /* LocationService.swift */; };
		35A4F01246836078C8C1B373 /* CalendarService.swift in Sources */ = {isa = PBXBuildFile; fileRef = 374250188BEB69717006282E /* CalendarService.swift */; };
		3D3A9C899938BAEF05558B1D /* Assets.xcassets in Resources */ = {isa = PBXBuildFile; fileRef = 9CB9581FE8D9DEAD45A43F89 /* Assets.xcassets */; };
		40B95116F1E32A12EAA21E38 /* BluetoothService.swift in Sources */ = {isa = PBXBuildFile; fileRef = 22DD17AFBDAACFAD173853E3 /* BluetoothService.swift */; };
		4268BB27850FF1800825FACC /* RepeatBehavior.swift in Sources */ = {isa = PBXBuildFile; fileRef = EBD2FBA24B9F3B4828446AD4 /* RepeatBehavior.swift */; };
		48A66D246C035E4EEFB48E7B /* WiFiMonitorService.swift in Sources */ = {isa = PBXBuildFile; fileRef = E6984E3DD192547A14AC52A3 /* WiFiMonitorService.swift */; };
		511A8DE104527C6E5E933C5B /* WeatherTriggerConfigView.swift in Sources */ = {isa = PBXBuildFile; fileRef = E82D11FC70E44296D59948A5 /* WeatherTriggerConfigView.swift */; };
		5CAB572AF3308F7BDCCDA679 /* MapPickerView.swift in Sources */ = {isa = PBXBuildFile; fileRef = CC618D13C8225AB7BAF9A636 /* MapPickerView.swift */; };
		5FCEE8CB63B30C80A68BDA0F /* TimeTriggerConfigView.swift in Sources */ = {isa = PBXBuildFile; fileRef = 4075DD31C3B0CFD5099B8831 /* TimeTriggerConfigView.swift */; };
		608B91FCA9D90D41A0A550E3 /* RuleBuilderViewModel.swift in Sources */ = {isa = PBXBuildFile; fileRef = 6DAABDCA499D15EE6056A99E /* RuleBuilderViewModel.swift */; };
		6A6DB34D4509A36996ADB236 /* BatteryMonitorService.swift in Sources */ = {isa = PBXBuildFile; fileRef = B3F223630614748CA6E26972 /* BatteryMonitorService.swift */; };
		7396E5671FDB25F81377B9A3 /* Condition.swift in Sources */ = {isa = PBXBuildFile; fileRef = 9F1506C9B7037D87A7141DD6 /* Condition.swift */; };
		751BE2BFC274F660D0D441D3 /* Rule.swift in Sources */ = {isa = PBXBuildFile; fileRef = 6AB935C5DFEF4C23F9D3D1F4 /* Rule.swift */; };
		75D92BB60A9BE471B27EB280 /* ConditionLogic.swift in Sources */ = {isa = PBXBuildFile; fileRef = B1EF0D4849299272DDC85AEA /* ConditionLogic.swift */; };
		7DD10640A6A252B39C02F32F /* MotionService.swift in Sources */ = {isa = PBXBuildFile; fileRef = 5F9CC689B44A6DCA34F9288F /* MotionService.swift */; };
		7E45B002B80483B26912555E /* FocusModeService.swift in Sources */ = {isa = PBXBuildFile; fileRef = 97A96690D041DFC0D41FBBDB /* FocusModeService.swift */; };
		96C86C963D7B6D534B5CFB60 /* NotificationService.swift in Sources */ = {isa = PBXBuildFile; fileRef = 91F08B3B475C79CED8028721 /* NotificationService.swift */; };
		9DE139A4908A50D556CB7788 /* WeatherService.swift in Sources */ = {isa = PBXBuildFile; fileRef = CB8D35E1D11D031BC0FBE0E8 /* WeatherService.swift */; };
		A946343010C3427DC71E6EF8 /* PlacesViewModel.swift in Sources */ = {isa = PBXBuildFile; fileRef = A48ACC2C069268EA13FC3867 /* PlacesViewModel.swift */; };
		AAE4C2C1E9073C9C6ABB379B /* PersistenceService.swift in Sources */ = {isa = PBXBuildFile; fileRef = 8C3D51AC5A2182D23F23AB72 /* PersistenceService.swift */; };
		B2CF2D372094380DEDC951FB /* KnownNetworksStore.swift in Sources */ = {isa = PBXBuildFile; fileRef = 2E9DF831816D546E206D9404 /* KnownNetworksStore.swift */; };
		B3B15B0F2FC6D722C480FA6A /* PlacesView.swift in Sources */ = {isa = PBXBuildFile; fileRef = CB35D50098405FC1AF0595B4 /* PlacesView.swift */; };
		C497DE49D712C09FF093D17E /* TriggerPickerView.swift in Sources */ = {isa = PBXBuildFile; fileRef = 4DE61C68FE8FFFE01FE61E31 /* TriggerPickerView.swift */; };
		C7F124292B1D619317F646E3 /* LocationTriggerConfigView.swift in Sources */ = {isa = PBXBuildFile; fileRef = EE96CFD0494ADA47ECE0B8C0 /* LocationTriggerConfigView.swift */; };
		D35B1794D1077600D888C220 /* SavedPlace.swift in Sources */ = {isa = PBXBuildFile; fileRef = DCB4C84BE3C4B0B30E5DFAF5 /* SavedPlace.swift */; };
		D3A27E76198989629968BDA4 /* RulesListViewModel.swift in Sources */ = {isa = PBXBuildFile; fileRef = 33CA0D2436FE9ED619C5E7CB /* RulesListViewModel.swift */; };
		D3C00A579E306C729E9BA846 /* BatteryTriggerConfigView.swift in Sources */ = {isa = PBXBuildFile; fileRef = A6B0BBD49C52089EC417AC5B /* BatteryTriggerConfigView.swift */; };
		D7584D32D92385B4B96406D7 /* NetworkExtension.framework in Frameworks */ = {isa = PBXBuildFile; fileRef = FF0E34F76C9D5B1AE28B8AEE /* NetworkExtension.framework */; };
		D8BC2355B51A86345F33C2BB /* RuleEvaluationEngine.swift in Sources */ = {isa = PBXBuildFile; fileRef = 5198CEF7A8DF644D64A2294D /* RuleEvaluationEngine.swift */; };
		DAE7B6608234D04B99CB0F13 /* ConditionRowView.swift in Sources */ = {isa = PBXBuildFile; fileRef = CE1541AB8B7AA9C9CE351364 /* ConditionRowView.swift */; };
		DC6C2954FA9C6FB13B4A6E5E /* TriggerType.swift in Sources */ = {isa = PBXBuildFile; fileRef = 8BD5A4C29B7D211907D8D5E6 /* TriggerType.swift */; };
		DD0023592359147B14EF535E /* ScreenUnlockService.swift in Sources */ = {isa = PBXBuildFile; fileRef = 6B0817E2DB8CA0889E9BE067 /* ScreenUnlockService.swift */; };
		E25015CC661A73282C516E42 /* BluetoothTriggerConfigView.swift in Sources */ = {isa = PBXBuildFile; fileRef = 93106790009A1CBF8CA28560 /* BluetoothTriggerConfigView.swift */; };
		E682EE203C085B98740542E4 /* CalendarTriggerConfigView.swift in Sources */ = {isa = PBXBuildFile; fileRef = 64FE50633B768EFFCF42D1A6 /* CalendarTriggerConfigView.swift */; };
		E9666C99A8762C3633D8DD40 /* WiFiTriggerConfigView.swift in Sources */ = {isa = PBXBuildFile; fileRef = 80316373183281E5C8423263 /* WiFiTriggerConfigView.swift */; };
		F1B3458F04F3135FE901B5DC /* RemindMeApp.swift in Sources */ = {isa = PBXBuildFile; fileRef = 2EFF52D543EB9F4B1C26848E /* RemindMeApp.swift */; };
		F82BD232E32B52E17E0DB1EB /* FileLogger.swift in Sources */ = {isa = PBXBuildFile; fileRef = BA61F695B77FB7E0AE26C0A8 /* FileLogger.swift */; };
/* End PBXBuildFile section */

/* Begin PBXFileReference section */
		22DD17AFBDAACFAD173853E3 /* BluetoothService.swift */ = {isa = PBXFileReference; lastKnownFileType = sourcecode.swift; path = BluetoothService.swift; sourceTree = "<group>"; };
		2E9DF831816D546E206D9404 /* KnownNetworksStore.swift */ = {isa = PBXFileReference; lastKnownFileType = sourcecode.swift; path = KnownNetworksStore.swift; sourceTree = "<group>"; };
		2EFF52D543EB9F4B1C26848E /* RemindMeApp.swift */ = {isa = PBXFileReference; lastKnownFileType = sourcecode.swift; path = RemindMeApp.swift; sourceTree = "<group>"; };
		33CA0D2436FE9ED619C5E7CB /* RulesListViewModel.swift */ = {isa = PBXFileReference; lastKnownFileType = sourcecode.swift; path = RulesListViewModel.swift; sourceTree = "<group>"; };
		374250188BEB69717006282E /* CalendarService.swift */ = {isa = PBXFileReference; lastKnownFileType = sourcecode.swift; path = CalendarService.swift; sourceTree = "<group>"; };
		4075DD31C3B0CFD5099B8831 /* TimeTriggerConfigView.swift */ = {isa = PBXFileReference; lastKnownFileType = sourcecode.swift; path = TimeTriggerConfigView.swift; sourceTree = "<group>"; };
		4B5F50F6D7A299F976B8DB0A /* TriggerConfig.swift */ = {isa = PBXFileReference; lastKnownFileType = sourcecode.swift; path = TriggerConfig.swift; sourceTree = "<group>"; };
		4DE61C68FE8FFFE01FE61E31 /* TriggerPickerView.swift */ = {isa = PBXFileReference; lastKnownFileType = sourcecode.swift; path = TriggerPickerView.swift; sourceTree = "<group>"; };
		5198CEF7A8DF644D64A2294D /* RuleEvaluationEngine.swift */ = {isa = PBXFileReference; lastKnownFileType = sourcecode.swift; path = RuleEvaluationEngine.swift; sourceTree = "<group>"; };
		5F9CC689B44A6DCA34F9288F /* MotionService.swift */ = {isa = PBXFileReference; lastKnownFileType = sourcecode.swift; path = MotionService.swift; sourceTree = "<group>"; };
		5FAEE9F10E3787E1F80C59A7 /* Info.plist */ = {isa = PBXFileReference; lastKnownFileType = text.plist; path = Info.plist; sourceTree = "<group>"; };
		64FE50633B768EFFCF42D1A6 /* CalendarTriggerConfigView.swift */ = {isa = PBXFileReference; lastKnownFileType = sourcecode.swift; path = CalendarTriggerConfigView.swift; sourceTree = "<group>"; };
		6AB935C5DFEF4C23F9D3D1F4 /* Rule.swift */ = {isa = PBXFileReference; lastKnownFileType = sourcecode.swift; path = Rule.swift; sourceTree = "<group>"; };
		6B0817E2DB8CA0889E9BE067 /* ScreenUnlockService.swift */ = {isa = PBXFileReference; lastKnownFileType = sourcecode.swift; path = ScreenUnlockService.swift; sourceTree = "<group>"; };
		6DAABDCA499D15EE6056A99E /* RuleBuilderViewModel.swift */ = {isa = PBXFileReference; lastKnownFileType = sourcecode.swift; path = RuleBuilderViewModel.swift; sourceTree = "<group>"; };
		80316373183281E5C8423263 /* WiFiTriggerConfigView.swift */ = {isa = PBXFileReference; lastKnownFileType = sourcecode.swift; path = WiFiTriggerConfigView.swift; sourceTree = "<group>"; };
		8296D94E3D61C4B3F7458F10 /* SettingsView.swift */ = {isa = PBXFileReference; lastKnownFileType = sourcecode.swift; path = SettingsView.swift; sourceTree = "<group>"; };
		837FCA864B051D3178235479 /* RemindMe.entitlements */ = {isa = PBXFileReference; lastKnownFileType = text.plist.entitlements; path = RemindMe.entitlements; sourceTree = "<group>"; };
		87B5721BEF7CAE785A98E381 /* LocationService.swift */ = {isa = PBXFileReference; lastKnownFileType = sourcecode.swift; path = LocationService.swift; sourceTree = "<group>"; };
		8BD5A4C29B7D211907D8D5E6 /* TriggerType.swift */ = {isa = PBXFileReference; lastKnownFileType = sourcecode.swift; path = TriggerType.swift; sourceTree = "<group>"; };
		8C3D51AC5A2182D23F23AB72 /* PersistenceService.swift */ = {isa = PBXFileReference; lastKnownFileType = sourcecode.swift; path = PersistenceService.swift; sourceTree = "<group>"; };
		91F08B3B475C79CED8028721 /* NotificationService.swift */ = {isa = PBXFileReference; lastKnownFileType = sourcecode.swift; path = NotificationService.swift; sourceTree = "<group>"; };
		93106790009A1CBF8CA28560 /* BluetoothTriggerConfigView.swift */ = {isa = PBXFileReference; lastKnownFileType = sourcecode.swift; path = BluetoothTriggerConfigView.swift; sourceTree = "<group>"; };
		97A96690D041DFC0D41FBBDB /* FocusModeService.swift */ = {isa = PBXFileReference; lastKnownFileType = sourcecode.swift; path = FocusModeService.swift; sourceTree = "<group>"; };
		9CB9581FE8D9DEAD45A43F89 /* Assets.xcassets */ = {isa = PBXFileReference; lastKnownFileType = folder.assetcatalog; path = Assets.xcassets; sourceTree = "<group>"; };
		9F1506C9B7037D87A7141DD6 /* Condition.swift */ = {isa = PBXFileReference; lastKnownFileType = sourcecode.swift; path = Condition.swift; sourceTree = "<group>"; };
		A48ACC2C069268EA13FC3867 /* PlacesViewModel.swift */ = {isa = PBXFileReference; lastKnownFileType = sourcecode.swift; path = PlacesViewModel.swift; sourceTree = "<group>"; };
		A6B0BBD49C52089EC417AC5B /* BatteryTriggerConfigView.swift */ = {isa = PBXFileReference; lastKnownFileType = sourcecode.swift; path = BatteryTriggerConfigView.swift; sourceTree = "<group>"; };
		B1EF0D4849299272DDC85AEA /* ConditionLogic.swift */ = {isa = PBXFileReference; lastKnownFileType = sourcecode.swift; path = ConditionLogic.swift; sourceTree = "<group>"; };
		B383FD58C11DE16DE7683D21 /* HomeView.swift */ = {isa = PBXFileReference; lastKnownFileType = sourcecode.swift; path = HomeView.swift; sourceTree = "<group>"; };
		B3F223630614748CA6E26972 /* BatteryMonitorService.swift */ = {isa = PBXFileReference; lastKnownFileType = sourcecode.swift; path = BatteryMonitorService.swift; sourceTree = "<group>"; };
		BA61F695B77FB7E0AE26C0A8 /* FileLogger.swift */ = {isa = PBXFileReference; lastKnownFileType = sourcecode.swift; path = FileLogger.swift; sourceTree = "<group>"; };
		C20C6909EFE9DEDF6DD9B225 /* RemindMe.app */ = {isa = PBXFileReference; explicitFileType = wrapper.application; includeInIndex = 0; path = RemindMe.app; sourceTree = BUILT_PRODUCTS_DIR; };
		CB35D50098405FC1AF0595B4 /* PlacesView.swift */ = {isa = PBXFileReference; lastKnownFileType = sourcecode.swift; path = PlacesView.swift; sourceTree = "<group>"; };
		CB8D35E1D11D031BC0FBE0E8 /* WeatherService.swift */ = {isa = PBXFileReference; lastKnownFileType = sourcecode.swift; path = WeatherService.swift; sourceTree = "<group>"; };
		CC618D13C8225AB7BAF9A636 /* MapPickerView.swift */ = {isa = PBXFileReference; lastKnownFileType = sourcecode.swift; path = MapPickerView.swift; sourceTree = "<group>"; };
		CE1541AB8B7AA9C9CE351364 /* ConditionRowView.swift */ = {isa = PBXFileReference; lastKnownFileType = sourcecode.swift; path = ConditionRowView.swift; sourceTree = "<group>"; };
		DCB4C84BE3C4B0B30E5DFAF5 /* SavedPlace.swift */ = {isa = PBXFileReference; lastKnownFileType = sourcecode.swift; path = SavedPlace.swift; sourceTree = "<group>"; };
		E6984E3DD192547A14AC52A3 /* WiFiMonitorService.swift */ = {isa = PBXFileReference; lastKnownFileType = sourcecode.swift; path = WiFiMonitorService.swift; sourceTree = "<group>"; };
		E82D11FC70E44296D59948A5 /* WeatherTriggerConfigView.swift */ = {isa = PBXFileReference; lastKnownFileType = sourcecode.swift; path = WeatherTriggerConfigView.swift; sourceTree = "<group>"; };
		EBD2FBA24B9F3B4828446AD4 /* RepeatBehavior.swift */ = {isa = PBXFileReference; lastKnownFileType = sourcecode.swift; path = RepeatBehavior.swift; sourceTree = "<group>"; };
		EE96CFD0494ADA47ECE0B8C0 /* LocationTriggerConfigView.swift */ = {isa = PBXFileReference; lastKnownFileType = sourcecode.swift; path = LocationTriggerConfigView.swift; sourceTree = "<group>"; };
		F0EC0533BD6978E83605508C /* RuleBuilderView.swift */ = {isa = PBXFileReference; lastKnownFileType = sourcecode.swift; path = RuleBuilderView.swift; sourceTree = "<group>"; };
		FF0E34F76C9D5B1AE28B8AEE /* NetworkExtension.framework */ = {isa = PBXFileReference; lastKnownFileType = wrapper.framework; name = NetworkExtension.framework; path = System/Library/Frameworks/NetworkExtension.framework; sourceTree = SDKROOT; };
/* End PBXFileReference section */

/* Begin PBXFrameworksBuildPhase section */
		3A3694B6C23AE650DA1CBB44 /* Frameworks */ = {
			isa = PBXFrameworksBuildPhase;
			buildActionMask = 2147483647;
			files = (
				D7584D32D92385B4B96406D7 /* NetworkExtension.framework in Frameworks */,
			);
			runOnlyForDeploymentPostprocessing = 0;
		};
/* End PBXFrameworksBuildPhase section */

/* Begin PBXGroup section */
		0B0A6BFF2BCD1C23BFFC5E7C /* Models */ = {
			isa = PBXGroup;
			children = (
				9F1506C9B7037D87A7141DD6 /* Condition.swift */,
				B1EF0D4849299272DDC85AEA /* ConditionLogic.swift */,
				EBD2FBA24B9F3B4828446AD4 /* RepeatBehavior.swift */,
				6AB935C5DFEF4C23F9D3D1F4 /* Rule.swift */,
				DCB4C84BE3C4B0B30E5DFAF5 /* SavedPlace.swift */,
				4B5F50F6D7A299F976B8DB0A /* TriggerConfig.swift */,
				8BD5A4C29B7D211907D8D5E6 /* TriggerType.swift */,
			);
			path = Models;
			sourceTree = "<group>";
		};
		0F21E54DE9E557774C790147 /* Frameworks */ = {
			isa = PBXGroup;
			children = (
				FF0E34F76C9D5B1AE28B8AEE /* NetworkExtension.framework */,
			);
			name = Frameworks;
			sourceTree = "<group>";
		};
		4DFA73972E7D139C5D193FF7 /* RemindMe */ = {
			isa = PBXGroup;
			children = (
				8064C92C3921BB985EF73342 /* App */,
				0B0A6BFF2BCD1C23BFFC5E7C /* Models */,
				C1A0AA6BD5140DD7BACAE159 /* Resources */,
				E7CABB82DF55C666B3AEC762 /* Services */,
				D37F92FABB0AA3B63E801D33 /* ViewModels */,
				6E179BDB3398649DEC0E1598 /* Views */,
			);
			path = RemindMe;
			sourceTree = "<group>";
		};
		6E179BDB3398649DEC0E1598 /* Views */ = {
			isa = PBXGroup;
			children = (
				CE1541AB8B7AA9C9CE351364 /* ConditionRowView.swift */,
				B383FD58C11DE16DE7683D21 /* HomeView.swift */,
				CC618D13C8225AB7BAF9A636 /* MapPickerView.swift */,
				CB35D50098405FC1AF0595B4 /* PlacesView.swift */,
				F0EC0533BD6978E83605508C /* RuleBuilderView.swift */,
				8296D94E3D61C4B3F7458F10 /* SettingsView.swift */,
				4DE61C68FE8FFFE01FE61E31 /* TriggerPickerView.swift */,
				E7A3AEE8A28C4142B07C4715 /* TriggerConfigViews */,
			);
			path = Views;
			sourceTree = "<group>";
		};
		77F4A02C8ED0F3A43CEC2508 = {
			isa = PBXGroup;
			children = (
				4DFA73972E7D139C5D193FF7 /* RemindMe */,
				0F21E54DE9E557774C790147 /* Frameworks */,
				C9384A5A6388CFD2128F3140 /* Products */,
			);
			sourceTree = "<group>";
		};
		8064C92C3921BB985EF73342 /* App */ = {
			isa = PBXGroup;
			children = (
				2EFF52D543EB9F4B1C26848E /* RemindMeApp.swift */,
			);
			path = App;
			sourceTree = "<group>";
		};
		C1A0AA6BD5140DD7BACAE159 /* Resources */ = {
			isa = PBXGroup;
			children = (
				9CB9581FE8D9DEAD45A43F89 /* Assets.xcassets */,
				5FAEE9F10E3787E1F80C59A7 /* Info.plist */,
				837FCA864B051D3178235479 /* RemindMe.entitlements */,
			);
			path = Resources;
			sourceTree = "<group>";
		};
		C9384A5A6388CFD2128F3140 /* Products */ = {
			isa = PBXGroup;
			children = (
				C20C6909EFE9DEDF6DD9B225 /* RemindMe.app */,
			);
			name = Products;
			sourceTree = "<group>";
		};
		D37F92FABB0AA3B63E801D33 /* ViewModels */ = {
			isa = PBXGroup;
			children = (
				A48ACC2C069268EA13FC3867 /* PlacesViewModel.swift */,
				6DAABDCA499D15EE6056A99E /* RuleBuilderViewModel.swift */,
				33CA0D2436FE9ED619C5E7CB /* RulesListViewModel.swift */,
			);
			path = ViewModels;
			sourceTree = "<group>";
		};
		E7A3AEE8A28C4142B07C4715 /* TriggerConfigViews */ = {
			isa = PBXGroup;
			children = (
				A6B0BBD49C52089EC417AC5B /* BatteryTriggerConfigView.swift */,
				93106790009A1CBF8CA28560 /* BluetoothTriggerConfigView.swift */,
				64FE50633B768EFFCF42D1A6 /* CalendarTriggerConfigView.swift */,
				EE96CFD0494ADA47ECE0B8C0 /* LocationTriggerConfigView.swift */,
				4075DD31C3B0CFD5099B8831 /* TimeTriggerConfigView.swift */,
				E82D11FC70E44296D59948A5 /* WeatherTriggerConfigView.swift */,
				80316373183281E5C8423263 /* WiFiTriggerConfigView.swift */,
			);
			path = TriggerConfigViews;
			sourceTree = "<group>";
		};
		E7CABB82DF55C666B3AEC762 /* Services */ = {
			isa = PBXGroup;
			children = (
				B3F223630614748CA6E26972 /* BatteryMonitorService.swift */,
				22DD17AFBDAACFAD173853E3 /* BluetoothService.swift */,
				374250188BEB69717006282E /* CalendarService.swift */,
				BA61F695B77FB7E0AE26C0A8 /* FileLogger.swift */,
				97A96690D041DFC0D41FBBDB /* FocusModeService.swift */,
				2E9DF831816D546E206D9404 /* KnownNetworksStore.swift */,
				87B5721BEF7CAE785A98E381 /* LocationService.swift */,
				5F9CC689B44A6DCA34F9288F /* MotionService.swift */,
				91F08B3B475C79CED8028721 /* NotificationService.swift */,
				8C3D51AC5A2182D23F23AB72 /* PersistenceService.swift */,
				5198CEF7A8DF644D64A2294D /* RuleEvaluationEngine.swift */,
				6B0817E2DB8CA0889E9BE067 /* ScreenUnlockService.swift */,
				CB8D35E1D11D031BC0FBE0E8 /* WeatherService.swift */,
				E6984E3DD192547A14AC52A3 /* WiFiMonitorService.swift */,
			);
			path = Services;
			sourceTree = "<group>";
		};
/* End PBXGroup section */

/* Begin PBXNativeTarget section */
		4937D5E5851EF8F423577D1D /* RemindMe */ = {
			isa = PBXNativeTarget;
			buildConfigurationList = C8C047259A158321C4A8BF5A /* Build configuration list for PBXNativeTarget "RemindMe" */;
			buildPhases = (
				6EF5E3CF231CBE0EA397CA91 /* Sources */,
				E6CE26CBAB8A6266E18AEA45 /* Resources */,
				3A3694B6C23AE650DA1CBB44 /* Frameworks */,
			);
			buildRules = (
			);
			dependencies = (
			);
			name = RemindMe;
			packageProductDependencies = (
			);
			productName = RemindMe;
			productReference = C20C6909EFE9DEDF6DD9B225 /* RemindMe.app */;
			productType = "com.apple.product-type.application";
		};
/* End PBXNativeTarget section */

/* Begin PBXProject section */
		DEEAFC9F5E32D094E5761A0E /* Project object */ = {
			isa = PBXProject;
			attributes = {
				BuildIndependentTargetsInParallel = YES;
				LastUpgradeCheck = 1600;
				TargetAttributes = {
					4937D5E5851EF8F423577D1D = {
						ProvisioningStyle = Automatic;
					};
				};
			};
			buildConfigurationList = 2EFEF4F1594FC7D8F9024EE3 /* Build configuration list for PBXProject "RemindMe" */;
			compatibilityVersion = "Xcode 14.0";
			developmentRegion = en;
			hasScannedForEncodings = 0;
			knownRegions = (
				Base,
				en,
			);
			mainGroup = 77F4A02C8ED0F3A43CEC2508;
			minimizedProjectReferenceProxies = 1;
			projectDirPath = "";
			projectRoot = "";
			targets = (
				4937D5E5851EF8F423577D1D /* RemindMe */,
			);
		};
/* End PBXProject section */

/* Begin PBXResourcesBuildPhase section */
		E6CE26CBAB8A6266E18AEA45 /* Resources */ = {
			isa = PBXResourcesBuildPhase;
			buildActionMask = 2147483647;
			files = (
				3D3A9C899938BAEF05558B1D /* Assets.xcassets in Resources */,
			);
			runOnlyForDeploymentPostprocessing = 0;
		};
/* End PBXResourcesBuildPhase section */

/* Begin PBXSourcesBuildPhase section */
		6EF5E3CF231CBE0EA397CA91 /* Sources */ = {
			isa = PBXSourcesBuildPhase;
			buildActionMask = 2147483647;
			files = (
				6A6DB34D4509A36996ADB236 /* BatteryMonitorService.swift in Sources */,
				D3C00A579E306C729E9BA846 /* BatteryTriggerConfigView.swift in Sources */,
				40B95116F1E32A12EAA21E38 /* BluetoothService.swift in Sources */,
				E25015CC661A73282C516E42 /* BluetoothTriggerConfigView.swift in Sources */,
				35A4F01246836078C8C1B373 /* CalendarService.swift in Sources */,
				E682EE203C085B98740542E4 /* CalendarTriggerConfigView.swift in Sources */,
				7396E5671FDB25F81377B9A3 /* Condition.swift in Sources */,
				75D92BB60A9BE471B27EB280 /* ConditionLogic.swift in Sources */,
				DAE7B6608234D04B99CB0F13 /* ConditionRowView.swift in Sources */,
				F82BD232E32B52E17E0DB1EB /* FileLogger.swift in Sources */,
				7E45B002B80483B26912555E /* FocusModeService.swift in Sources */,
				03D34338216594B23DEFCB63 /* HomeView.swift in Sources */,
				B2CF2D372094380DEDC951FB /* KnownNetworksStore.swift in Sources */,
				27F8CADC96D5097D8EB5C012 /* LocationService.swift in Sources */,
				C7F124292B1D619317F646E3 /* LocationTriggerConfigView.swift in Sources */,
				5CAB572AF3308F7BDCCDA679 /* MapPickerView.swift in Sources */,
				7DD10640A6A252B39C02F32F /* MotionService.swift in Sources */,
				96C86C963D7B6D534B5CFB60 /* NotificationService.swift in Sources */,
				AAE4C2C1E9073C9C6ABB379B /* PersistenceService.swift in Sources */,
				B3B15B0F2FC6D722C480FA6A /* PlacesView.swift in Sources */,
				A946343010C3427DC71E6EF8 /* PlacesViewModel.swift in Sources */,
				F1B3458F04F3135FE901B5DC /* RemindMeApp.swift in Sources */,
				4268BB27850FF1800825FACC /* RepeatBehavior.swift in Sources */,
				751BE2BFC274F660D0D441D3 /* Rule.swift in Sources */,
				0615C9B2DCE7D0F0DEF9BD84 /* RuleBuilderView.swift in Sources */,
				608B91FCA9D90D41A0A550E3 /* RuleBuilderViewModel.swift in Sources */,
				D8BC2355B51A86345F33C2BB /* RuleEvaluationEngine.swift in Sources */,
				D3A27E76198989629968BDA4 /* RulesListViewModel.swift in Sources */,
				D35B1794D1077600D888C220 /* SavedPlace.swift in Sources */,
				DD0023592359147B14EF535E /* ScreenUnlockService.swift in Sources */,
				26D8BA388E44BB309084D1A3 /* SettingsView.swift in Sources */,
				5FCEE8CB63B30C80A68BDA0F /* TimeTriggerConfigView.swift in Sources */,
				021A5300271EAE6120AE47CE /* TriggerConfig.swift in Sources */,
				C497DE49D712C09FF093D17E /* TriggerPickerView.swift in Sources */,
				DC6C2954FA9C6FB13B4A6E5E /* TriggerType.swift in Sources */,
				9DE139A4908A50D556CB7788 /* WeatherService.swift in Sources */,
				511A8DE104527C6E5E933C5B /* WeatherTriggerConfigView.swift in Sources */,
				48A66D246C035E4EEFB48E7B /* WiFiMonitorService.swift in Sources */,
				E9666C99A8762C3633D8DD40 /* WiFiTriggerConfigView.swift in Sources */,
			);
			runOnlyForDeploymentPostprocessing = 0;
		};
/* End PBXSourcesBuildPhase section */

/* Begin XCBuildConfiguration section */
		0563DA5C312D01919A26EE12 /* Debug */ = {
			isa = XCBuildConfiguration;
			buildSettings = {
				ASSETCATALOG_COMPILER_APPICON_NAME = AppIcon;
				CODE_SIGN_ALLOW_ENTITLEMENTS_MODIFICATION = YES;
				CODE_SIGN_ENTITLEMENTS = RemindMe/Resources/RemindMe.entitlements;
				CODE_SIGN_IDENTITY = "iPhone Developer";
				DEVELOPMENT_TEAM = 2LQWYK4M2Y;
				INFOPLIST_FILE = RemindMe/Resources/Info.plist;
				IPHONEOS_DEPLOYMENT_TARGET = 17.0;
				LD_RUNPATH_SEARCH_PATHS = (
					"$(inherited)",
					"@executable_path/Frameworks",
				);
				PRODUCT_BUNDLE_IDENTIFIER = com.manumedev.mindit;
				SDKROOT = iphoneos;
				TARGETED_DEVICE_FAMILY = "1,2";
			};
			name = Debug;
		};
		AE5CF6F9B010F14158866770 /* Release */ = {
			isa = XCBuildConfiguration;
			buildSettings = {
				ASSETCATALOG_COMPILER_APPICON_NAME = AppIcon;
				CODE_SIGN_ALLOW_ENTITLEMENTS_MODIFICATION = YES;
				CODE_SIGN_ENTITLEMENTS = RemindMe/Resources/RemindMe.entitlements;
				CODE_SIGN_IDENTITY = "iPhone Developer";
				DEVELOPMENT_TEAM = 2LQWYK4M2Y;
				INFOPLIST_FILE = RemindMe/Resources/Info.plist;
				IPHONEOS_DEPLOYMENT_TARGET = 17.0;
				LD_RUNPATH_SEARCH_PATHS = (
					"$(inherited)",
					"@executable_path/Frameworks",
				);
				PRODUCT_BUNDLE_IDENTIFIER = com.manumedev.mindit;
				SDKROOT = iphoneos;
				TARGETED_DEVICE_FAMILY = "1,2";
			};
			name = Release;
		};
		C37327AA4219D7F756C42ECD /* Release */ = {
			isa = XCBuildConfiguration;
			buildSettings = {
				ALWAYS_SEARCH_USER_PATHS = NO;
				CLANG_ANALYZER_NONNULL = YES;
				CLANG_ANALYZER_NUMBER_OBJECT_CONVERSION = YES_AGGRESSIVE;
				CLANG_CXX_LANGUAGE_STANDARD = "gnu++14";
				CLANG_CXX_LIBRARY = "libc++";
				CLANG_ENABLE_MODULES = YES;
				CLANG_ENABLE_OBJC_ARC = YES;
				CLANG_ENABLE_OBJC_WEAK = YES;
				CLANG_WARN_BLOCK_CAPTURE_AUTORELEASING = YES;
				CLANG_WARN_BOOL_CONVERSION = YES;
				CLANG_WARN_COMMA = YES;
				CLANG_WARN_CONSTANT_CONVERSION = YES;
				CLANG_WARN_DEPRECATED_OBJC_IMPLEMENTATIONS = YES;
				CLANG_WARN_DIRECT_OBJC_ISA_USAGE = YES_ERROR;
				CLANG_WARN_DOCUMENTATION_COMMENTS = YES;
				CLANG_WARN_EMPTY_BODY = YES;
				CLANG_WARN_ENUM_CONVERSION = YES;
				CLANG_WARN_INFINITE_RECURSION = YES;
				CLANG_WARN_INT_CONVERSION = YES;
				CLANG_WARN_NON_LITERAL_NULL_CONVERSION = YES;
				CLANG_WARN_OBJC_IMPLICIT_RETAIN_SELF = YES;
				CLANG_WARN_OBJC_LITERAL_CONVERSION = YES;
				CLANG_WARN_OBJC_ROOT_CLASS = YES_ERROR;
				CLANG_WARN_QUOTED_INCLUDE_IN_FRAMEWORK_HEADER = YES;
				CLANG_WARN_RANGE_LOOP_ANALYSIS = YES;
				CLANG_WARN_STRICT_PROTOTYPES = YES;
				CLANG_WARN_SUSPICIOUS_MOVE = YES;
				CLANG_WARN_UNGUARDED_AVAILABILITY = YES_AGGRESSIVE;
				CLANG_WARN_UNREACHABLE_CODE = YES;
				CLANG_WARN__DUPLICATE_METHOD_MATCH = YES;
				CODE_SIGN_STYLE = Automatic;
				COPY_PHASE_STRIP = NO;
				CURRENT_PROJECT_VERSION = 1;
				DEBUG_INFORMATION_FORMAT = "dwarf-with-dsym";
				DEVELOPMENT_TEAM = "";
				ENABLE_NS_ASSERTIONS = NO;
				ENABLE_STRICT_OBJC_MSGSEND = YES;
				GCC_C_LANGUAGE_STANDARD = gnu11;
				GCC_NO_COMMON_BLOCKS = YES;
				GCC_WARN_64_TO_32_BIT_CONVERSION = YES;
				GCC_WARN_ABOUT_RETURN_TYPE = YES_ERROR;
				GCC_WARN_UNDECLARED_SELECTOR = YES;
				GCC_WARN_UNINITIALIZED_AUTOS = YES_AGGRESSIVE;
				GCC_WARN_UNUSED_FUNCTION = YES;
				GCC_WARN_UNUSED_VARIABLE = YES;
				IPHONEOS_DEPLOYMENT_TARGET = 17.0;
				MARKETING_VERSION = 1.0;
				MTL_ENABLE_DEBUG_INFO = NO;
				MTL_FAST_MATH = YES;
				PRODUCT_NAME = "$(TARGET_NAME)";
				SDKROOT = iphoneos;
				SWIFT_COMPILATION_MODE = wholemodule;
				SWIFT_OPTIMIZATION_LEVEL = "-O";
				SWIFT_VERSION = 6.0;
			};
			name = Release;
		};
		DD7F23744A4C3067BB3F58CC /* Debug */ = {
			isa = XCBuildConfiguration;
			buildSettings = {
				ALWAYS_SEARCH_USER_PATHS = NO;
				CLANG_ANALYZER_NONNULL = YES;
				CLANG_ANALYZER_NUMBER_OBJECT_CONVERSION = YES_AGGRESSIVE;
				CLANG_CXX_LANGUAGE_STANDARD = "gnu++14";
				CLANG_CXX_LIBRARY = "libc++";
				CLANG_ENABLE_MODULES = YES;
				CLANG_ENABLE_OBJC_ARC = YES;
				CLANG_ENABLE_OBJC_WEAK = YES;
				CLANG_WARN_BLOCK_CAPTURE_AUTORELEASING = YES;
				CLANG_WARN_BOOL_CONVERSION = YES;
				CLANG_WARN_COMMA = YES;
				CLANG_WARN_CONSTANT_CONVERSION = YES;
				CLANG_WARN_DEPRECATED_OBJC_IMPLEMENTATIONS = YES;
				CLANG_WARN_DIRECT_OBJC_ISA_USAGE = YES_ERROR;
				CLANG_WARN_DOCUMENTATION_COMMENTS = YES;
				CLANG_WARN_EMPTY_BODY = YES;
				CLANG_WARN_ENUM_CONVERSION = YES;
				CLANG_WARN_INFINITE_RECURSION = YES;
				CLANG_WARN_INT_CONVERSION = YES;
				CLANG_WARN_NON_LITERAL_NULL_CONVERSION = YES;
				CLANG_WARN_OBJC_IMPLICIT_RETAIN_SELF = YES;
				CLANG_WARN_OBJC_LITERAL_CONVERSION = YES;
				CLANG_WARN_OBJC_ROOT_CLASS = YES_ERROR;
				CLANG_WARN_QUOTED_INCLUDE_IN_FRAMEWORK_HEADER = YES;
				CLANG_WARN_RANGE_LOOP_ANALYSIS = YES;
				CLANG_WARN_STRICT_PROTOTYPES = YES;
				CLANG_WARN_SUSPICIOUS_MOVE = YES;
				CLANG_WARN_UNGUARDED_AVAILABILITY = YES_AGGRESSIVE;
				CLANG_WARN_UNREACHABLE_CODE = YES;
				CLANG_WARN__DUPLICATE_METHOD_MATCH = YES;
				CODE_SIGN_STYLE = Automatic;
				COPY_PHASE_STRIP = NO;
				CURRENT_PROJECT_VERSION = 1;
				DEBUG_INFORMATION_FORMAT = dwarf;
				DEVELOPMENT_TEAM = "";
				ENABLE_STRICT_OBJC_MSGSEND = YES;
				ENABLE_TESTABILITY = YES;
				GCC_C_LANGUAGE_STANDARD = gnu11;
				GCC_DYNAMIC_NO_PIC = NO;
				GCC_NO_COMMON_BLOCKS = YES;
				GCC_OPTIMIZATION_LEVEL = 0;
				GCC_PREPROCESSOR_DEFINITIONS = (
					"$(inherited)",
					"DEBUG=1",
				);
				GCC_WARN_64_TO_32_BIT_CONVERSION = YES;
				GCC_WARN_ABOUT_RETURN_TYPE = YES_ERROR;
				GCC_WARN_UNDECLARED_SELECTOR = YES;
				GCC_WARN_UNINITIALIZED_AUTOS = YES_AGGRESSIVE;
				GCC_WARN_UNUSED_FUNCTION = YES;
				GCC_WARN_UNUSED_VARIABLE = YES;
				IPHONEOS_DEPLOYMENT_TARGET = 17.0;
				MARKETING_VERSION = 1.0;
				MTL_ENABLE_DEBUG_INFO = INCLUDE_SOURCE;
				MTL_FAST_MATH = YES;
				ONLY_ACTIVE_ARCH = YES;
				PRODUCT_NAME = "$(TARGET_NAME)";
				SDKROOT = iphoneos;
				SWIFT_ACTIVE_COMPILATION_CONDITIONS = DEBUG;
				SWIFT_OPTIMIZATION_LEVEL = "-Onone";
				SWIFT_VERSION = 6.0;
			};
			name = Debug;
		};
/* End XCBuildConfiguration section */

/* Begin XCConfigurationList section */
		2EFEF4F1594FC7D8F9024EE3 /* Build configuration list for PBXProject "RemindMe" */ = {
			isa = XCConfigurationList;
			buildConfigurations = (
				DD7F23744A4C3067BB3F58CC /* Debug */,
				C37327AA4219D7F756C42ECD /* Release */,
			);
			defaultConfigurationIsVisible = 0;
			defaultConfigurationName = Debug;
		};
		C8C047259A158321C4A8BF5A /* Build configuration list for PBXNativeTarget "RemindMe" */ = {
			isa = XCConfigurationList;
			buildConfigurations = (
				0563DA5C312D01919A26EE12 /* Debug */,
				AE5CF6F9B010F14158866770 /* Release */,
			);
			defaultConfigurationIsVisible = 0;
			defaultConfigurationName = Debug;
		};
/* End XCConfigurationList section */
	};
	rootObject = DEEAFC9F5E32D094E5761A0E /* Project object */;
}
